# THIS IS AN AUTOGENERATED FILE. DO NOT EDIT THIS FILE DIRECTLY.
# yarn lockfile v1


"@types/estree@0.0.39":
  version "0.0.39"
  resolved "https://registry.yarnpkg.com/@types/estree/-/estree-0.0.39.tgz#e177e699ee1b8c22d23174caaa7422644389509f"
  integrity sha512-EYNwp3bU+98cpU4lAWYYL7Zz+2gryWH1qbdDTidVd6hkiR6weksdbMadyXKXNPEkQFhXM+hVO9ZygomHXp+AIw==

"@types/node@*":
  version "10.12.0"
  resolved "https://registry.yarnpkg.com/@types/node/-/node-10.12.0.tgz#ea6dcbddbc5b584c83f06c60e82736d8fbb0c235"
  integrity sha512-3TUHC3jsBAB7qVRGxT6lWyYo2v96BMmD2PTcl47H25Lu7UXtFH/2qqmKiVrnel6Ne//0TFYf6uvNX+HW2FRkLQ==

rollup@^0.66.6:
  version "0.66.6"
  resolved "https://registry.yarnpkg.com/rollup/-/rollup-0.66.6.tgz#ce7d6185beb7acea644ce220c25e71ae03275482"
  integrity sha512-J7/SWanrcb83vfIHqa8+aVVGzy457GcjA6GVZEnD0x2u4OnOd0Q1pCrEoNe8yLwM6z6LZP02zBT2uW0yh5TqOw==
  dependencies:
    "@types/estree" "0.0.39"
    "@types/node" "*"
